
Microsoft Visual Studio Solution File, Format Version 12.00
# Visual Studio Version 16
VisualStudioVersion = 16.0.31424.327
MinimumVisualStudioVersion = 10.0.40219.1
Project("{9A19103F-16F7-4668-BE54-9A1E7A4F7556}") = "HexEditor", "HexEditor\HexEditor.csproj", "{17691D9E-2BA7-42D2-AADB-72A5E8B736F7}"
EndProject
Project("{9A19103F-16F7-4668-BE54-9A1E7A4F7556}") = "HexEditor.EditorModule", "HexEditor.Editor\HexEditor.EditorModule.csproj", "{DC6BC8C0-34E5-47FD-90B5-9DC82B7D6E6D}"
EndProject
Project("{FAE04EC0-301F-11D3-BF4B-00C04F79EFBC}") = "HexEditor.Styling", "HexEditor.Styling\HexEditor.Styling.csproj", "{F2CA2777-27D7-4B44-8C48-01EF1C58C163}"
EndProject
Project("{FAE04EC0-301F-11D3-BF4B-00C04F79EFBC}") = "HexEditor.Core", "HexEditor.Core\HexEditor.Core.csproj", "{03B0AB0C-4F2C-4C78-AE38-3D18B08FC8D4}"
EndProject
Global
	GlobalSection(SolutionConfigurationPlatforms) = preSolution
		Debug|Any CPU = Debug|Any CPU
		Release|Any CPU = Release|Any CPU
	EndGlobalSection
	GlobalSection(ProjectConfigurationPlatforms) = postSolution
		{17691D9E-2BA7-42D2-AADB-72A5E8B736F7}.Debug|Any CPU.ActiveCfg = Debug|Any CPU
		{17691D9E-2BA7-42D2-AADB-72A5E8B736F7}.Debug|Any CPU.Build.0 = Debug|Any CPU
		{17691D9E-2BA7-42D2-AADB-72A5E8B736F7}.Release|Any CPU.ActiveCfg = Release|Any CPU
		{17691D9E-2BA7-42D2-AADB-72A5E8B736F7}.Release|Any CPU.Build.0 = Release|Any CPU
		{DC6BC8C0-34E5-47FD-90B5-9DC82B7D6E6D}.Debug|Any CPU.ActiveCfg = Debug|Any CPU
		{DC6BC8C0-34E5-47FD-90B5-9DC82B7D6E6D}.Debug|Any CPU.Build.0 = Debug|Any CPU
		{DC6BC8C0-34E5-47FD-90B5-9DC82B7D6E6D}.Release|Any CPU.ActiveCfg = Release|Any CPU
		{DC6BC8C0-34E5-47FD-90B5-9DC82B7D6E6D}.Release|Any CPU.Build.0 = Release|Any CPU
		{F2CA2777-27D7-4B44-8C48-01EF1C58C163}.Debug|Any CPU.ActiveCfg = Debug|Any CPU
		{F2CA2777-27D7-4B44-8C48-01EF1C58C163}.Debug|Any CPU.Build.0 = Debug|Any CPU
		{F2CA2777-27D7-4B44-8C48-01EF1C58C163}.Release|Any CPU.ActiveCfg = Release|Any CPU
		{F2CA2777-27D7-4B44-8C48-01EF1C58C163}.Release|Any CPU.Build.0 = Release|Any CPU
		{03B0AB0C-4F2C-4C78-AE38-3D18B08FC8D4}.Debug|Any CPU.ActiveCfg = Debug|Any CPU
		{03B0AB0C-4F2C-4C78-AE38-3D18B08FC8D4}.Debug|Any CPU.Build.0 = Debug|Any CPU
		{03B0AB0C-4F2C-4C78-AE38-3D18B08FC8D4}.Release|Any CPU.ActiveCfg = Release|Any CPU
		{03B0AB0C-4F2C-4C78-AE38-3D18B08FC8D4}.Release|Any CPU.Build.0 = Release|Any CPU
	EndGlobalSection
	GlobalSection(SolutionProperties) = preSolution
		HideSolutionNode = FALSE
	EndGlobalSection
	GlobalSection(ExtensibilityGlobals) = postSolution
		SolutionGuid = {FA256910-CB38-4D75-AFE5-C2CDD731AE5E}
	EndGlobalSection
EndGlobal
